
Microsoft Visual Studio Solution File, Format Version 12.00
# Visual Studio Version 16
VisualStudioVersion = 16.0.29411.108
MinimumVisualStudioVersion = 10.0.40219.1
Project("{FAE04EC0-301F-11D3-BF4B-00C04F79EFBC}") = "Assessment", "Assessment\Assessment.csproj", "{F3E7456F-53B2-4FFD-B6F7-D7275547DF54}"
EndProject
Global
	GlobalSection(SolutionConfigurationPlatforms) = preSolution
		Debug|Any CPU = Debug|Any CPU
		Release|Any CPU = Release|Any CPU
	EndGlobalSection
	GlobalSection(ProjectConfigurationPlatforms) = postSolution
		{F3E7456F-53B2-4FFD-B6F7-D7275547DF54}.Debug|Any CPU.ActiveCfg = Debug|Any CPU
		{F3E7456F-53B2-4FFD-B6F7-D7275547DF54}.Debug|Any CPU.Build.0 = Debug|Any CPU
		{F3E7456F-53B2-4FFD-B6F7-D7275547DF54}.Release|Any CPU.ActiveCfg = Release|Any CPU
		{F3E7456F-53B2-4FFD-B6F7-D7275547DF54}.Release|Any CPU.Build.0 = Release|Any CPU
	EndGlobalSection
	GlobalSection(SolutionProperties) = preSolution
		HideSolutionNode = FALSE
	EndGlobalSection
	GlobalSection(ExtensibilityGlobals) = postSolution
		SolutionGuid = {494234F8-602D-4780-B9B2-60E7D0DDE0EB}
	EndGlobalSection
EndGlobal
